<?xml version="1.0" encoding="utf-8"?>
<Project ToolsVersion="4.0" xmlns="http://schemas.microsoft.com/developer/msbuild/2003">
  <ItemGroup>
    <Filter Include="ソース ファイル">
      <UniqueIdentifier>{4FC737F1-C7A5-4376-A066-2A32D752A2FF}</UniqueIdentifier>
      <Extensions>cpp;c;cc;cxx;c++;cppm;ixx;def;odl;idl;hpj;bat;asm;asmx</Extensions>
    </Filter>
    <Filter Include="ヘッダー ファイル">
      <UniqueIdentifier>{93995380-89BD-4b04-88EB-625FBE52EBFB}</UniqueIdentifier>
      <Extensions>h;hh;hpp;hxx;h++;hm;inl;inc;ipp;xsd</Extensions>
    </Filter>
    <Filter Include="シェーダーファイル">
      <UniqueIdentifier>{67DA6AB6-F800-4c08-8B7A-83BB121AAD01}</UniqueIdentifier>
      <Extensions>rc;ico;cur;bmp;dlg;rc2;rct;bin;rgs;gif;jpg;jpeg;jpe;resx;tiff;tif;png;wav;mfcribbon-ms</Extensions>
    </Filter>
    <Filter Include="Assets">
      <UniqueIdentifier>{c5920efc-1d5d-418a-a29a-7c19b648499f}</UniqueIdentifier>
    </Filter>
    <Filter Include="Assets\shader">
      <UniqueIdentifier>{32fd6fe7-9434-436a-90bc-fed88d2ec978}</UniqueIdentifier>
    </Filter>
    <Filter Include="Assets\imgui">
      <UniqueIdentifier>{7be7b659-4d90-4837-8d2a-e47b2d883634}</UniqueIdentifier>
    </Filter>
    <Filter Include="Assets\base">
      <UniqueIdentifier>{4d597fcc-75d3-4fe5-9e96-c2ee4ada85de}</UniqueIdentifier>
    </Filter>
    <Filter Include="Assets\input">
      <UniqueIdentifier>{091ac459-6516-4723-b056-809b7e478c6a}</UniqueIdentifier>
    </Filter>
  </ItemGroup>
  <ItemGroup>
    <ClCompile Include="main.cpp">
      <Filter>ソース ファイル</Filter>
    </ClCompile>
    <ClCompile Include="base\DirectXCommon.cpp">
      <Filter>Assets\base</Filter>
    </ClCompile>
    <ClCompile Include="base\WinApp.cpp">
      <Filter>Assets\base</Filter>
    </ClCompile>
    <ClCompile Include="..\External\imgui\imgui.cpp">
      <Filter>Assets\imgui</Filter>
    </ClCompile>
    <ClCompile Include="ImGuiManager.cpp">
      <Filter>Assets\imgui</Filter>
    </ClCompile>
    <ClCompile Include="..\External\imgui\imgui_demo.cpp">
      <Filter>Assets\imgui</Filter>
    </ClCompile>
    <ClCompile Include="..\External\imgui\imgui_draw.cpp">
      <Filter>Assets\imgui</Filter>
    </ClCompile>
    <ClCompile Include="..\External\imgui\imgui_impl_dx12.cpp">
      <Filter>Assets\imgui</Filter>
    </ClCompile>
    <ClCompile Include="..\External\imgui\imgui_impl_win32.cpp">
      <Filter>Assets\imgui</Filter>
    </ClCompile>
    <ClCompile Include="..\External\imgui\imgui_widgets.cpp">
      <Filter>Assets\imgui</Filter>
    </ClCompile>
    <ClCompile Include="Input\Input.cpp">
      <Filter>Assets\input</Filter>
    </ClCompile>
    <ClCompile Include="Scene\Game.cpp">
      <Filter>Assets</Filter>
    </ClCompile>
  </ItemGroup>
  <ItemGroup>
    <ClInclude Include="base\DirectXCommon.h">
      <Filter>Assets\base</Filter>
    </ClInclude>
    <ClInclude Include="base\WinApp.h">
      <Filter>Assets\base</Filter>
    </ClInclude>
    <ClInclude Include="..\External\imgui\imgui.h">
      <Filter>Assets\imgui</Filter>
    </ClInclude>
    <ClInclude Include="..\External\imgui\imgui_impl_dx12.h">
      <Filter>Assets\imgui</Filter>
    </ClInclude>
    <ClInclude Include="..\External\imgui\imgui_impl_win32.h">
      <Filter>Assets\imgui</Filter>
    </ClInclude>
    <ClInclude Include="..\External\imgui\imgui_internal.h">
      <Filter>Assets\imgui</Filter>
    </ClInclude>
    <ClInclude Include="ImGuiManager.h">
      <Filter>Assets\imgui</Filter>
    </ClInclude>
    <ClInclude Include="..\External\imgui\imstb_rectpack.h">
      <Filter>Assets\imgui</Filter>
    </ClInclude>
    <ClInclude Include="..\External\imgui\imstb_textedit.h">
      <Filter>Assets\imgui</Filter>
    </ClInclude>
    <ClInclude Include="..\External\imgui\imstb_truetype.h">
      <Filter>Assets\imgui</Filter>
    </ClInclude>
    <ClInclude Include="Input\Input.h">
      <Filter>Assets\input</Filter>
    </ClInclude>
    <ClInclude Include="Scene\Game.h">
      <Filter>Assets</Filter>
    </ClInclude>
    <ClInclude Include="Structure.h">
      <Filter>Assets</Filter>
    </ClInclude>
  </ItemGroup>
  <ItemGroup>
    <FxCompile Include="Shader\BasicVertexShader.hlsl">
      <Filter>Assets\shader</Filter>
    </FxCompile>
    <FxCompile Include="Shader\BasicPixelShader.hlsl">
      <Filter>Assets\shader</Filter>
    </FxCompile>
  </ItemGroup>
  <ItemGroup>
    <None Include="Shader\BasicShaderHeader.hlsli">
      <Filter>Assets\shader</Filter>
    </None>
  </ItemGroup>
</Project>